
Microsoft Visual Studio Solution File, Format Version 12.00
# Visual Studio Version 17
VisualStudioVersion = 17.13.35931.197 d17.13
MinimumVisualStudioVersion = 10.0.40219.1
Project("{FAE04EC0-301F-11D3-BF4B-00C04F79EFBC}") = "SampleWPF", "SampleWPF\SampleWPF.csproj", "{D2659468-6CD6-4D4E-80A4-2E7A3FA2485B}"
EndProject
Global
	GlobalSection(SolutionConfigurationPlatforms) = preSolution
		Debug|Any CPU = Debug|Any CPU
		Release|Any CPU = Release|Any CPU
	EndGlobalSection
	GlobalSection(ProjectConfigurationPlatforms) = postSolution
		{D2659468-6CD6-4D4E-80A4-2E7A3FA2485B}.Debug|Any CPU.ActiveCfg = Debug|Any CPU
		{D2659468-6CD6-4D4E-80A4-2E7A3FA2485B}.Debug|Any CPU.Build.0 = Debug|Any CPU
		{D2659468-6CD6-4D4E-80A4-2E7A3FA2485B}.Release|Any CPU.ActiveCfg = Release|Any CPU
		{D2659468-6CD6-4D4E-80A4-2E7A3FA2485B}.Release|Any CPU.Build.0 = Release|Any CPU
	EndGlobalSection
	GlobalSection(SolutionProperties) = preSolution
		HideSolutionNode = FALSE
	EndGlobalSection
	GlobalSection(ExtensibilityGlobals) = postSolution
		SolutionGuid = {36F5CF07-62D9-41C0-920D-594B8BE7A2E1}
	EndGlobalSection
EndGlobal
