
Microsoft Visual Studio Solution File, Format Version 12.00
# Visual Studio Version 17
VisualStudioVersion = 17.13.35931.197 d17.13
MinimumVisualStudioVersion = 10.0.40219.1
Project("{FAE04EC0-301F-11D3-BF4B-00C04F79EFBC}") = "BlazorWASMSampleApp", "BlazorWASMSampleApp\BlazorWASMSampleApp.csproj", "{7F9747B3-1CCC-440E-96C8-46CA91DFD7CD}"
EndProject
Project("{FAE04EC0-301F-11D3-BF4B-00C04F79EFBC}") = "WebAPI", "WebAPI\WebAPI.csproj", "{5970F5DE-EF7C-4377-AD80-DBFE6E0FDCAE}"
EndProject
Global
	GlobalSection(SolutionConfigurationPlatforms) = preSolution
		Debug|Any CPU = Debug|Any CPU
		Release|Any CPU = Release|Any CPU
	EndGlobalSection
	GlobalSection(ProjectConfigurationPlatforms) = postSolution
		{7F9747B3-1CCC-440E-96C8-46CA91DFD7CD}.Debug|Any CPU.ActiveCfg = Debug|Any CPU
		{7F9747B3-1CCC-440E-96C8-46CA91DFD7CD}.Debug|Any CPU.Build.0 = Debug|Any CPU
		{7F9747B3-1CCC-440E-96C8-46CA91DFD7CD}.Release|Any CPU.ActiveCfg = Release|Any CPU
		{7F9747B3-1CCC-440E-96C8-46CA91DFD7CD}.Release|Any CPU.Build.0 = Release|Any CPU
		{5970F5DE-EF7C-4377-AD80-DBFE6E0FDCAE}.Debug|Any CPU.ActiveCfg = Debug|Any CPU
		{5970F5DE-EF7C-4377-AD80-DBFE6E0FDCAE}.Debug|Any CPU.Build.0 = Debug|Any CPU
		{5970F5DE-EF7C-4377-AD80-DBFE6E0FDCAE}.Release|Any CPU.ActiveCfg = Release|Any CPU
		{5970F5DE-EF7C-4377-AD80-DBFE6E0FDCAE}.Release|Any CPU.Build.0 = Release|Any CPU
	EndGlobalSection
	GlobalSection(SolutionProperties) = preSolution
		HideSolutionNode = FALSE
	EndGlobalSection
	GlobalSection(ExtensibilityGlobals) = postSolution
		SolutionGuid = {83A88375-3199-406F-9343-DD206926D715}
	EndGlobalSection
EndGlobal
